
Microsoft Visual Studio Solution File, Format Version 12.00
# Visual Studio Version 17
VisualStudioVersion = 17.3.32825.248
MinimumVisualStudioVersion = 10.0.40219.1
Project("{FAE04EC0-301F-11D3-BF4B-00C04F79EFBC}") = "n01576807_Assignment_4", "n01576807_Assignment_4\n01576807_Assignment_4.csproj", "{025B4178-C3A2-42C4-B6CC-BCD4F5DC1ECC}"
EndProject
Global
	GlobalSection(SolutionConfigurationPlatforms) = preSolution
		Debug|Any CPU = Debug|Any CPU
		Release|Any CPU = Release|Any CPU
	EndGlobalSection
	GlobalSection(ProjectConfigurationPlatforms) = postSolution
		{025B4178-C3A2-42C4-B6CC-BCD4F5DC1ECC}.Debug|Any CPU.ActiveCfg = Debug|Any CPU
		{025B4178-C3A2-42C4-B6CC-BCD4F5DC1ECC}.Debug|Any CPU.Build.0 = Debug|Any CPU
		{025B4178-C3A2-42C4-B6CC-BCD4F5DC1ECC}.Release|Any CPU.ActiveCfg = Release|Any CPU
		{025B4178-C3A2-42C4-B6CC-BCD4F5DC1ECC}.Release|Any CPU.Build.0 = Release|Any CPU
	EndGlobalSection
	GlobalSection(SolutionProperties) = preSolution
		HideSolutionNode = FALSE
	EndGlobalSection
	GlobalSection(ExtensibilityGlobals) = postSolution
		SolutionGuid = {466B4C06-AF3E-4260-935F-C32CF21F119D}
	EndGlobalSection
EndGlobal
